
Microsoft Visual Studio Solution File, Format Version 12.00
# Visual Studio Version 17
VisualStudioVersion = 17.1.32228.430
MinimumVisualStudioVersion = 10.0.40219.1
Project("{FAE04EC0-301F-11D3-BF4B-00C04F79EFBC}") = "Retangulo", "Retangulo\Retangulo.csproj", "{F46A7964-F69A-4075-B9F9-3C9CC3032006}"
EndProject
Global
	GlobalSection(SolutionConfigurationPlatforms) = preSolution
		Debug|Any CPU = Debug|Any CPU
		Release|Any CPU = Release|Any CPU
	EndGlobalSection
	GlobalSection(ProjectConfigurationPlatforms) = postSolution
		{F46A7964-F69A-4075-B9F9-3C9CC3032006}.Debug|Any CPU.ActiveCfg = Debug|Any CPU
		{F46A7964-F69A-4075-B9F9-3C9CC3032006}.Debug|Any CPU.Build.0 = Debug|Any CPU
		{F46A7964-F69A-4075-B9F9-3C9CC3032006}.Release|Any CPU.ActiveCfg = Release|Any CPU
		{F46A7964-F69A-4075-B9F9-3C9CC3032006}.Release|Any CPU.Build.0 = Release|Any CPU
	EndGlobalSection
	GlobalSection(SolutionProperties) = preSolution
		HideSolutionNode = FALSE
	EndGlobalSection
	GlobalSection(ExtensibilityGlobals) = postSolution
		SolutionGuid = {50350E19-C897-485D-8DBD-6180AB334BBF}
	EndGlobalSection
EndGlobal
